
Microsoft Visual Studio Solution File, Format Version 12.00
# Visual Studio 2012
Project("{FAE04EC0-301F-11D3-BF4B-00C04F79EFBC}") = "Lerch.PowerShell", "Lerch.PowerShell\Lerch.PowerShell.csproj", "{24707708-ECE1-409B-9C54-6879FB28FFBA}"
EndProject
Project("{FAE04EC0-301F-11D3-BF4B-00C04F79EFBC}") = "Shares", "Shares\Shares.csproj", "{115BA844-2507-40CD-948E-1C30D6667A1F}"
EndProject
Global
	GlobalSection(SolutionConfigurationPlatforms) = preSolution
		Debug|Any CPU = Debug|Any CPU
		Release|Any CPU = Release|Any CPU
	EndGlobalSection
	GlobalSection(ProjectConfigurationPlatforms) = postSolution
		{24707708-ECE1-409B-9C54-6879FB28FFBA}.Debug|Any CPU.ActiveCfg = Debug|Any CPU
		{24707708-ECE1-409B-9C54-6879FB28FFBA}.Debug|Any CPU.Build.0 = Debug|Any CPU
		{24707708-ECE1-409B-9C54-6879FB28FFBA}.Release|Any CPU.ActiveCfg = Release|Any CPU
		{24707708-ECE1-409B-9C54-6879FB28FFBA}.Release|Any CPU.Build.0 = Release|Any CPU
		{115BA844-2507-40CD-948E-1C30D6667A1F}.Debug|Any CPU.ActiveCfg = Debug|Any CPU
		{115BA844-2507-40CD-948E-1C30D6667A1F}.Debug|Any CPU.Build.0 = Debug|Any CPU
		{115BA844-2507-40CD-948E-1C30D6667A1F}.Release|Any CPU.ActiveCfg = Release|Any CPU
		{115BA844-2507-40CD-948E-1C30D6667A1F}.Release|Any CPU.Build.0 = Release|Any CPU
	EndGlobalSection
	GlobalSection(SolutionProperties) = preSolution
		HideSolutionNode = FALSE
	EndGlobalSection
EndGlobal
